// !$*UTF8*$!
{
	archiveVersion = 1;
	classes = {
	};
	objectVersion = 46;
	objects = {

/* Begin PBXBuildFile section */
		C19F6A611E46EDC800D17938 /* ResultsViewController.swift in Sources */ = {isa = PBXBuildFile; fileRef = C19F6A601E46EDC800D17938 /* ResultsViewController.swift */; };
		C1EA77A21E468FC5000CF3DB /* AppDelegate.swift in Sources */ = {isa = PBXBuildFile; fileRef = C1EA77A11E468FC5000CF3DB /* AppDelegate.swift */; };
		C1EA77A41E468FC5000CF3DB /* RootViewController.swift in Sources */ = {isa = PBXBuildFile; fileRef = C1EA77A31E468FC5000CF3DB /* RootViewController.swift */; };
		C1EA77A61E468FC5000CF3DB /* DataViewController.swift in Sources */ = {isa = PBXBuildFile; fileRef = C1EA77A51E468FC5000CF3DB /* DataViewController.swift */; };
		C1EA77A81E468FC5000CF3DB /* ModelController.swift in Sources */ = {isa = PBXBuildFile; fileRef = C1EA77A71E468FC5000CF3DB /* ModelController.swift */; };
		C1EA77AB1E468FC5000CF3DB /* Main.storyboard in Resources */ = {isa = PBXBuildFile; fileRef = C1EA77A91E468FC5000CF3DB /* Main.storyboard */; };
		C1EA77AD1E468FC5000CF3DB /* Assets.xcassets in Resources */ = {isa = PBXBuildFile; fileRef = C1EA77AC1E468FC5000CF3DB /* Assets.xcassets */; };
		C1EA77B01E468FC5000CF3DB /* LaunchScreen.storyboard in Resources */ = {isa = PBXBuildFile; fileRef = C1EA77AE1E468FC5000CF3DB /* LaunchScreen.storyboard */; };
		C1EA77B81E46C5B8000CF3DB /* home-logo.png in Resources */ = {isa = PBXBuildFile; fileRef = C1EA77B71E46C5B8000CF3DB /* home-logo.png */; };
/* End PBXBuildFile section */

/* Begin PBXFileReference section */
		C19F6A601E46EDC800D17938 /* ResultsViewController.swift */ = {isa = PBXFileReference; fileEncoding = 4; lastKnownFileType = sourcecode.swift; path = ResultsViewController.swift; sourceTree = "<group>"; };
		C1EA779E1E468FC5000CF3DB /* Foogle.app */ = {isa = PBXFileReference; explicitFileType = wrapper.application; includeInIndex = 0; path = Foogle.app; sourceTree = BUILT_PRODUCTS_DIR; };
		C1EA77A11E468FC5000CF3DB /* AppDelegate.swift */ = {isa = PBXFileReference; lastKnownFileType = sourcecode.swift; path = AppDelegate.swift; sourceTree = "<group>"; };
		C1EA77A31E468FC5000CF3DB /* RootViewController.swift */ = {isa = PBXFileReference; lastKnownFileType = sourcecode.swift; path = RootViewController.swift; sourceTree = "<group>"; };
		C1EA77A51E468FC5000CF3DB /* DataViewController.swift */ = {isa = PBXFileReference; lastKnownFileType = sourcecode.swift; path = DataViewController.swift; sourceTree = "<group>"; };
		C1EA77A71E468FC5000CF3DB /* ModelController.swift */ = {isa = PBXFileReference; lastKnownFileType = sourcecode.swift; path = ModelController.swift; sourceTree = "<group>"; };
		C1EA77AA1E468FC5000CF3DB /* Base */ = {isa = PBXFileReference; lastKnownFileType = file.storyboard; name = Base; path = Base.lproj/Main.storyboard; sourceTree = "<group>"; };
		C1EA77AC1E468FC5000CF3DB /* Assets.xcassets */ = {isa = PBXFileReference; lastKnownFileType = folder.assetcatalog; path = Assets.xcassets; sourceTree = "<group>"; };
		C1EA77AF1E468FC5000CF3DB /* Base */ = {isa = PBXFileReference; lastKnownFileType = file.storyboard; name = Base; path = Base.lproj/LaunchScreen.storyboard; sourceTree = "<group>"; };
		C1EA77B11E468FC5000CF3DB /* Info.plist */ = {isa = PBXFileReference; lastKnownFileType = text.plist.xml; path = Info.plist; sourceTree = "<group>"; };
		C1EA77B71E46C5B8000CF3DB /* home-logo.png */ = {isa = PBXFileReference; lastKnownFileType = image.png; path = "home-logo.png"; sourceTree = "<group>"; };
/* End PBXFileReference section */

/* Begin PBXFrameworksBuildPhase section */
		C1EA779B1E468FC5000CF3DB /* Frameworks */ = {
			isa = PBXFrameworksBuildPhase;
			buildActionMask = 2147483647;
			files = (
			);
			runOnlyForDeploymentPostprocessing = 0;
		};
/* End PBXFrameworksBuildPhase section */

/* Begin PBXGroup section */
		C1EA77951E468FC5000CF3DB = {
			isa = PBXGroup;
			children = (
				C1EA77A01E468FC5000CF3DB /* Foogle */,
				C1EA779F1E468FC5000CF3DB /* Products */,
			);
			sourceTree = "<group>";
		};
		C1EA779F1E468FC5000CF3DB /* Products */ = {
			isa = PBXGroup;
			children = (
				C1EA779E1E468FC5000CF3DB /* Foogle.app */,
			);
			name = Products;
			sourceTree = "<group>";
		};
		C1EA77A01E468FC5000CF3DB /* Foogle */ = {
			isa = PBXGroup;
			children = (
				C1EA77A11E468FC5000CF3DB /* AppDelegate.swift */,
				C1EA77A31E468FC5000CF3DB /* RootViewController.swift */,
				C19F6A601E46EDC800D17938 /* ResultsViewController.swift */,
				C1EA77A51E468FC5000CF3DB /* DataViewController.swift */,
				C1EA77A71E468FC5000CF3DB /* ModelController.swift */,
				C1EA77B71E46C5B8000CF3DB /* home-logo.png */,
				C1EA77A91E468FC5000CF3DB /* Main.storyboard */,
				C1EA77AC1E468FC5000CF3DB /* Assets.xcassets */,
				C1EA77AE1E468FC5000CF3DB /* LaunchScreen.storyboard */,
				C1EA77B11E468FC5000CF3DB /* Info.plist */,
			);
			path = Foogle;
			sourceTree = "<group>";
		};
/* End PBXGroup section */

/* Begin PBXNativeTarget section */
		C1EA779D1E468FC5000CF3DB /* Foogle */ = {
			isa = PBXNativeTarget;
			buildConfigurationList = C1EA77B41E468FC5000CF3DB /* Build configuration list for PBXNativeTarget "Foogle" */;
			buildPhases = (
				C1EA779A1E468FC5000CF3DB /* Sources */,
				C1EA779B1E468FC5000CF3DB /* Frameworks */,
				C1EA779C1E468FC5000CF3DB /* Resources */,
			);
			buildRules = (
			);
			dependencies = (
			);
			name = Foogle;
			productName = Foogle;
			productReference = C1EA779E1E468FC5000CF3DB /* Foogle.app */;
			productType = "com.apple.product-type.application";
		};
/* End PBXNativeTarget section */

/* Begin PBXProject section */
		C1EA77961E468FC5000CF3DB /* Project object */ = {
			isa = PBXProject;
			attributes = {
				LastSwiftUpdateCheck = 0730;
				LastUpgradeCheck = 0730;
				ORGANIZATIONNAME = Krysia;
				TargetAttributes = {
					C1EA779D1E468FC5000CF3DB = {
						CreatedOnToolsVersion = 7.3.1;
						DevelopmentTeam = BB5P4UPXBA;
					};
				};
			};
			buildConfigurationList = C1EA77991E468FC5000CF3DB /* Build configuration list for PBXProject "Foogle" */;
			compatibilityVersion = "Xcode 3.2";
			developmentRegion = English;
			hasScannedForEncodings = 0;
			knownRegions = (
				en,
				Base,
			);
			mainGroup = C1EA77951E468FC5000CF3DB;
			productRefGroup = C1EA779F1E468FC5000CF3DB /* Products */;
			projectDirPath = "";
			projectRoot = "";
			targets = (
				C1EA779D1E468FC5000CF3DB /* Foogle */,
			);
		};
/* End PBXProject section */

/* Begin PBXResourcesBuildPhase section */
		C1EA779C1E468FC5000CF3DB /* Resources */ = {
			isa = PBXResourcesBuildPhase;
			buildActionMask = 2147483647;
			files = (
				C1EA77B01E468FC5000CF3DB /* LaunchScreen.storyboard in Resources */,
				C1EA77AD1E468FC5000CF3DB /* Assets.xcassets in Resources */,
				C1EA77AB1E468FC5000CF3DB /* Main.storyboard in Resources */,
				C1EA77B81E46C5B8000CF3DB /* home-logo.png in Resources */,
			);
			runOnlyForDeploymentPostprocessing = 0;
		};
/* End PBXResourcesBuildPhase section */

/* Begin PBXSourcesBuildPhase section */
		C1EA779A1E468FC5000CF3DB /* Sources */ = {
			isa = PBXSourcesBuildPhase;
			buildActionMask = 2147483647;
			files = (
				C1EA77A41E468FC5000CF3DB /* RootViewController.swift in Sources */,
				C1EA77A81E468FC5000CF3DB /* ModelController.swift in Sources */,
				C1EA77A61E468FC5000CF3DB /* DataViewController.swift in Sources */,
				C19F6A611E46EDC800D17938 /* ResultsViewController.swift in Sources */,
				C1EA77A21E468FC5000CF3DB /* AppDelegate.swift in Sources */,
			);
			runOnlyForDeploymentPostprocessing = 0;
		};
/* End PBXSourcesBuildPhase section */

/* Begin PBXVariantGroup section */
		C1EA77A91E468FC5000CF3DB /* Main.storyboard */ = {
			isa = PBXVariantGroup;
			children = (
				C1EA77AA1E468FC5000CF3DB /* Base */,
			);
			name = Main.storyboard;
			sourceTree = "<group>";
		};
		C1EA77AE1E468FC5000CF3DB /* LaunchScreen.storyboard */ = {
			isa = PBXVariantGroup;
			children = (
				C1EA77AF1E468FC5000CF3DB /* Base */,
			);
			name = LaunchScreen.storyboard;
			sourceTree = "<group>";
		};
/* End PBXVariantGroup section */

/* Begin XCBuildConfiguration section */
		C1EA77B21E468FC5000CF3DB /* Debug */ = {
			isa = XCBuildConfiguration;
			buildSettings = {
				ALWAYS_SEARCH_USER_PATHS = NO;
				CLANG_ANALYZER_NONNULL = YES;
				CLANG_CXX_LANGUAGE_STANDARD = "gnu++0x";
				CLANG_CXX_LIBRARY = "libc++";
				CLANG_ENABLE_MODULES = YES;
				CLANG_ENABLE_OBJC_ARC = YES;
				CLANG_WARN_BOOL_CONVERSION = YES;
				CLANG_WARN_CONSTANT_CONVERSION = YES;
				CLANG_WARN_DIRECT_OBJC_ISA_USAGE = YES_ERROR;
				CLANG_WARN_EMPTY_BODY = YES;
				CLANG_WARN_ENUM_CONVERSION = YES;
				CLANG_WARN_INT_CONVERSION = YES;
				CLANG_WARN_OBJC_ROOT_CLASS = YES_ERROR;
				CLANG_WARN_UNREACHABLE_CODE = YES;
				CLANG_WARN__DUPLICATE_METHOD_MATCH = YES;
				"CODE_SIGN_IDENTITY[sdk=iphoneos*]" = "iPhone Developer";
				COPY_PHASE_STRIP = NO;
				DEBUG_INFORMATION_FORMAT = dwarf;
				ENABLE_STRICT_OBJC_MSGSEND = YES;
				ENABLE_TESTABILITY = YES;
				GCC_C_LANGUAGE_STANDARD = gnu99;
				GCC_DYNAMIC_NO_PIC = NO;
				GCC_NO_COMMON_BLOCKS = YES;
				GCC_OPTIMIZATION_LEVEL = 0;
				GCC_PREPROCESSOR_DEFINITIONS = (
					"DEBUG=1",
					"$(inherited)",
				);
				GCC_WARN_64_TO_32_BIT_CONVERSION = YES;
				GCC_WARN_ABOUT_RETURN_TYPE = YES_ERROR;
				GCC_WARN_UNDECLARED_SELECTOR = YES;
				GCC_WARN_UNINITIALIZED_AUTOS = YES_AGGRESSIVE;
				GCC_WARN_UNUSED_FUNCTION = YES;
				GCC_WARN_UNUSED_VARIABLE = YES;
				IPHONEOS_DEPLOYMENT_TARGET = 9.3;
				MTL_ENABLE_DEBUG_INFO = YES;
				ONLY_ACTIVE_ARCH = YES;
				SDKROOT = iphoneos;
				SWIFT_OPTIMIZATION_LEVEL = "-Onone";
			};
			name = Debug;
		};
		C1EA77B31E468FC5000CF3DB /* Release */ = {
			isa = XCBuildConfiguration;
			buildSettings = {
				ALWAYS_SEARCH_USER_PATHS = NO;
				CLANG_ANALYZER_NONNULL = YES;
				CLANG_CXX_LANGUAGE_STANDARD = "gnu++0x";
				CLANG_CXX_LIBRARY = "libc++";
				CLANG_ENABLE_MODULES = YES;
				CLANG_ENABLE_OBJC_ARC = YES;
				CLANG_WARN_BOOL_CONVERSION = YES;
				CLANG_WARN_CONSTANT_CONVERSION = YES;
				CLANG_WARN_DIRECT_OBJC_ISA_USAGE = YES_ERROR;
				CLANG_WARN_EMPTY_BODY = YES;
				CLANG_WARN_ENUM_CONVERSION = YES;
				CLANG_WARN_INT_CONVERSION = YES;
				CLANG_WARN_OBJC_ROOT_CLASS = YES_ERROR;
				CLANG_WARN_UNREACHABLE_CODE = YES;
				CLANG_WARN__DUPLICATE_METHOD_MATCH = YES;
				"CODE_SIGN_IDENTITY[sdk=iphoneos*]" = "iPhone Developer";
				COPY_PHASE_STRIP = NO;
				DEBUG_INFORMATION_FORMAT = "dwarf-with-dsym";
				ENABLE_NS_ASSERTIONS = NO;
				ENABLE_STRICT_OBJC_MSGSEND = YES;
				GCC_C_LANGUAGE_STANDARD = gnu99;
				GCC_NO_COMMON_BLOCKS = YES;
				GCC_WARN_64_TO_32_BIT_CONVERSION = YES;
				GCC_WARN_ABOUT_RETURN_TYPE = YES_ERROR;
				GCC_WARN_UNDECLARED_SELECTOR = YES;
				GCC_WARN_UNINITIALIZED_AUTOS = YES_AGGRESSIVE;
				GCC_WARN_UNUSED_FUNCTION = YES;
				GCC_WARN_UNUSED_VARIABLE = YES;
				IPHONEOS_DEPLOYMENT_TARGET = 9.3;
				MTL_ENABLE_DEBUG_INFO = NO;
				SDKROOT = iphoneos;
				VALIDATE_PRODUCT = YES;
			};
			name = Release;
		};
		C1EA77B51E468FC5000CF3DB /* Debug */ = {
			isa = XCBuildConfiguration;
			buildSettings = {
				ASSETCATALOG_COMPILER_APPICON_NAME = AppIcon;
				INFOPLIST_FILE = Foogle/Info.plist;
				LD_RUNPATH_SEARCH_PATHS = "$(inherited) @executable_path/Frameworks";
				PRODUCT_BUNDLE_IDENTIFIER = losaltoshacks.Foogle;
				PRODUCT_NAME = "$(TARGET_NAME)";
			};
			name = Debug;
		};
		C1EA77B61E468FC5000CF3DB /* Release */ = {
			isa = XCBuildConfiguration;
			buildSettings = {
				ASSETCATALOG_COMPILER_APPICON_NAME = AppIcon;
				INFOPLIST_FILE = Foogle/Info.plist;
				LD_RUNPATH_SEARCH_PATHS = "$(inherited) @executable_path/Frameworks";
				PRODUCT_BUNDLE_IDENTIFIER = losaltoshacks.Foogle;
				PRODUCT_NAME = "$(TARGET_NAME)";
			};
			name = Release;
		};
/* End XCBuildConfiguration section */

/* Begin XCConfigurationList section */
		C1EA77991E468FC5000CF3DB /* Build configuration list for PBXProject "Foogle" */ = {
			isa = XCConfigurationList;
			buildConfigurations = (
				C1EA77B21E468FC5000CF3DB /* Debug */,
				C1EA77B31E468FC5000CF3DB /* Release */,
			);
			defaultConfigurationIsVisible = 0;
			defaultConfigurationName = Release;
		};
		C1EA77B41E468FC5000CF3DB /* Build configuration list for PBXNativeTarget "Foogle" */ = {
			isa = XCConfigurationList;
			buildConfigurations = (
				C1EA77B51E468FC5000CF3DB /* Debug */,
				C1EA77B61E468FC5000CF3DB /* Release */,
			);
			defaultConfigurationIsVisible = 0;
			defaultConfigurationName = Release;
		};
/* End XCConfigurationList section */
	};
	rootObject = C1EA77961E468FC5000CF3DB /* Project object */;
}
